<?xml version="1.0" encoding="utf-8"?>
<Project ToolsVersion="4.0" xmlns="http://schemas.microsoft.com/developer/msbuild/2003">
  <ItemGroup>
    <Filter Include="Source Files">
      <UniqueIdentifier>{4FC737F1-C7A5-4376-A066-2A32D752A2FF}</UniqueIdentifier>
      <Extensions>cpp;c;cc;cxx;def;odl;idl;hpj;bat;asm;asmx</Extensions>
    </Filter>
    <Filter Include="Header Files">
      <UniqueIdentifier>{93995380-89BD-4b04-88EB-625FBE52EBFB}</UniqueIdentifier>
      <Extensions>h;hh;hpp;hxx;hm;inl;inc;xsd</Extensions>
    </Filter>
    <Filter Include="Resource Files">
      <UniqueIdentifier>{67DA6AB6-F800-4c08-8B7A-83BB121AAD01}</UniqueIdentifier>
      <Extensions>rc;ico;cur;bmp;dlg;rc2;rct;bin;rgs;gif;jpg;jpeg;jpe;resx;tiff;tif;png;wav;mfcribbon-ms</Extensions>
    </Filter>
    <Filter Include="Resource Files\meshes">
      <UniqueIdentifier>{8869cb1b-5a0a-432c-9fb1-a52013353063}</UniqueIdentifier>
    </Filter>
    <Filter Include="Resource Files\textures">
      <UniqueIdentifier>{b7f892a9-0be2-415a-b83d-ee0ce7566657}</UniqueIdentifier>
    </Filter>
    <Filter Include="Resource Files\shaders">
      <UniqueIdentifier>{80c5d95d-beaa-4954-85ae-8f121874f77b}</UniqueIdentifier>
    </Filter>
    <Filter Include="Source Files\framework">
      <UniqueIdentifier>{402ad4bc-4b54-431f-a8c3-6dad22ed5d85}</UniqueIdentifier>
    </Filter>
    <Filter Include="Source Files\effects">
      <UniqueIdentifier>{56f2a4be-86f0-434d-8e57-36b6d8ae3a0b}</UniqueIdentifier>
    </Filter>
    <Filter Include="Header Files\effects">
      <UniqueIdentifier>{49b24a2a-0aed-4409-8412-b3613ff7793b}</UniqueIdentifier>
    </Filter>
    <Filter Include="Header Files\framework">
      <UniqueIdentifier>{4ffb4926-e177-4ebc-aa31-09fae1821694}</UniqueIdentifier>
    </Filter>
  </ItemGroup>
  <ItemGroup>
    <ClInclude Include="gk2_effectBase.h">
      <Filter>Header Files\effects</Filter>
    </ClInclude>
    <ClInclude Include="gk2_phongEffect.h">
      <Filter>Header Files\effects</Filter>
    </ClInclude>
    <ClInclude Include="gk2_textureEffect.h">
      <Filter>Header Files\effects</Filter>
    </ClInclude>
    <ClInclude Include="gk2_applicationBase.h">
      <Filter>Header Files\framework</Filter>
    </ClInclude>
    <ClInclude Include="gk2_camera.h">
      <Filter>Header Files\framework</Filter>
    </ClInclude>
    <ClInclude Include="gk2_constantBuffer.h">
      <Filter>Header Files\framework</Filter>
    </ClInclude>
    <ClInclude Include="gk2_deviceHelper.h">
      <Filter>Header Files\framework</Filter>
    </ClInclude>
    <ClInclude Include="gk2_exceptions.h">
      <Filter>Header Files\framework</Filter>
    </ClInclude>
    <ClInclude Include="gk2_input.h">
      <Filter>Header Files\framework</Filter>
    </ClInclude>
    <ClInclude Include="gk2_mesh.h">
      <Filter>Header Files\framework</Filter>
    </ClInclude>
    <ClInclude Include="gk2_meshLoader.h">
      <Filter>Header Files\framework</Filter>
    </ClInclude>
    <ClInclude Include="gk2_utils.h">
      <Filter>Header Files\framework</Filter>
    </ClInclude>
    <ClInclude Include="gk2_vertices.h">
      <Filter>Header Files\framework</Filter>
    </ClInclude>
    <ClInclude Include="gk2_window.h">
      <Filter>Header Files\framework</Filter>
    </ClInclude>
    <ClInclude Include="gk2_room.h">
      <Filter>Header Files</Filter>
    </ClInclude>
  </ItemGroup>
  <ItemGroup>
    <ClCompile Include="gk2_effectBase.cpp">
      <Filter>Source Files\effects</Filter>
    </ClCompile>
    <ClCompile Include="gk2_phongEffect.cpp">
      <Filter>Source Files\effects</Filter>
    </ClCompile>
    <ClCompile Include="gk2_textureEffect.cpp">
      <Filter>Source Files\effects</Filter>
    </ClCompile>
    <ClCompile Include="gk2_applicationBase.cpp">
      <Filter>Source Files\framework</Filter>
    </ClCompile>
    <ClCompile Include="gk2_camera.cpp">
      <Filter>Source Files\framework</Filter>
    </ClCompile>
    <ClCompile Include="gk2_constantBuffer.cpp">
      <Filter>Source Files\framework</Filter>
    </ClCompile>
    <ClCompile Include="gk2_deviceHelper.cpp">
      <Filter>Source Files\framework</Filter>
    </ClCompile>
    <ClCompile Include="gk2_exceptions.cpp">
      <Filter>Source Files\framework</Filter>
    </ClCompile>
    <ClCompile Include="gk2_input.cpp">
      <Filter>Source Files\framework</Filter>
    </ClCompile>
    <ClCompile Include="gk2_mesh.cpp">
      <Filter>Source Files\framework</Filter>
    </ClCompile>
    <ClCompile Include="gk2_meshLoader.cpp">
      <Filter>Source Files\framework</Filter>
    </ClCompile>
    <ClCompile Include="gk2_utils.cpp">
      <Filter>Source Files\framework</Filter>
    </ClCompile>
    <ClCompile Include="gk2_vertices.cpp">
      <Filter>Source Files\framework</Filter>
    </ClCompile>
    <ClCompile Include="gk2_window.cpp">
      <Filter>Source Files\framework</Filter>
    </ClCompile>
    <ClCompile Include="gk2_room.cpp">
      <Filter>Source Files</Filter>
    </ClCompile>
    <ClCompile Include="main.cpp">
      <Filter>Source Files</Filter>
    </ClCompile>
  </ItemGroup>
  <ItemGroup>
    <None Include="kaczka.pdf" />
  </ItemGroup>
  <ItemGroup>
    <Text Include="resources\meshes\duck.txt">
      <Filter>Resource Files\meshes</Filter>
    </Text>
  </ItemGroup>
  <ItemGroup>
    <Image Include="resources\textures\ducktex.jpg">
      <Filter>Resource Files\textures</Filter>
    </Image>
    <Image Include="resources\textures\forest.jpg">
      <Filter>Resource Files\textures</Filter>
    </Image>
    <Image Include="resources\textures\sky.png">
      <Filter>Resource Files\textures</Filter>
    </Image>
    <Image Include="resources\textures\bottom.jpg">
      <Filter>Resource Files\textures</Filter>
    </Image>
  </ItemGroup>
  <ItemGroup>
    <FxCompile Include="resources\shaders\PhongShader.hlsl">
      <Filter>Resource Files\shaders</Filter>
    </FxCompile>
    <FxCompile Include="resources\shaders\TextureShader.hlsl">
      <Filter>Resource Files\shaders</Filter>
    </FxCompile>
  </ItemGroup>
</Project>